{
  "version": 4,
  "terraform_version": "1.11.4",
  "serial": 24,
  "lineage": "c43c0050-84c7-0167-987a-369d272875a4",
  "outputs": {},
  "resources": [
    {
      "module": "module.eks",
      "mode": "managed",
      "type": "aws_eks_cluster",
      "name": "this",
      "provider": "provider[\"registry.terraform.io/hashicorp/aws\"]",
      "instances": [
        {
          "schema_version": 1,
          "attributes": {
            "access_config": [
              {
                "authentication_mode": "CONFIG_MAP",
                "bootstrap_cluster_creator_admin_permissions": true
              }
            ],
            "arn": "arn:aws:eks:us-east-1:816881851211:cluster/weather-api",
            "bootstrap_self_managed_addons": true,
            "certificate_authority": [
              {
                "data": "LS0tLS1CRUdJTiBDRVJUSUZJQ0FURS0tLS0tCk1JSURCVENDQWUyZ0F3SUJBZ0lJSVlXTGxqZzRFWFV3RFFZSktvWklodmNOQVFFTEJRQXdGVEVUTUJFR0ExVUUKQXhNS2EzVmlaWEp1WlhSbGN6QWVGdzB5TlRBMU1UTXdNRFV5TXpoYUZ3MHpOVEExTVRFd01EVTNNemhhTUJVeApFekFSQmdOVkJBTVRDbXQxWW1WeWJtVjBaWE13Z2dFaU1BMEdDU3FHU0liM0RRRUJBUVVBQTRJQkR3QXdnZ0VLCkFvSUJBUUMvL083K3B4ZExHam9xcEszakNRQWRjRXdlY2hsK2U3bTZSaUJmbk9LMXhTbTcrNDNSMnJpNkozdWYKcFFTaXBOTndjZVludDBlK3Jsd2NxRnh5cXBaeFJtQlR2Uklic0R5R3BlOGdDR2t5OTIweTlvRCtTWTZUMHlldAphR1BUYkVJVUZ1MThZdXZmdDgrVy9kVzhKNjFyZWZWTmREWDRLWTVFdEhQanRNV2hOa0JlaENHVEROSWRESFZlCkdXK2F2bjdSMXQybk9YZ2ZiUlNWVitVNE8xVlFWKytZd1pXUU5FaTZzbHlCV2x4NERTQmkrNitIVnNaUnhBYjgKYnJWdC9zWUhvZUNkUUpYUnVJdEs0WkVLRm1rMTd5MzRMQit0UmtRQnd1M211UG1WUmF5aVN6QVdlMUtJdUhJWgpSY3lVdEZid0kvOWU0cVFscnEzRWxiTTB5ODRSQWdNQkFBR2pXVEJYTUE0R0ExVWREd0VCL3dRRUF3SUNwREFQCkJnTlZIUk1CQWY4RUJUQURBUUgvTUIwR0ExVWREZ1FXQkJTem9aU3RUK1BVRDQ1L05hK09mUXJoQnJ4ZzVUQVYKQmdOVkhSRUVEakFNZ2dwcmRXSmxjbTVsZEdWek1BMEdDU3FHU0liM0RRRUJDd1VBQTRJQkFRQnlCY2c2STlwTgpjb1JkOWhKNG1kSWdpUll2ZEJOaE93YS81WVRWQzZseWplVEF6b1BsL1hlS0liYlBiZCtncXF5REtXcEgwZWhnCmFhR1N6UFlHbFovWmRkZUc1dTd3YXRNaDB0aTQ0TGliR3BncFdHQ2d6ZXlGVXZNNEp3RVcvODgzNzAxeWVJb3cKMll3MGNhb010cXV4dmpTekFuWXB1emZlbDZkbmtWdUhsWUlISk1Ea2x0azIzbjI4YmNXTGlUdkc3NEo1dy96Swp1MEZiQnpsdkM5OWhINWJST1ZtM2ZJdXpqQWNKOUEzaUhLbkxjanFjOVN4WVk0c3lkcHNPTnpiOHdjR2MrMW92Ci9VSVRmMVFXbXU1SlNjRUxIVHlJdXZXMCt6cHMzYWRhcGVLdG1Za21uSDFFdnBaTG1sa0MvN3FaQWIyK1kydC8KZWtJOFZkNGFXdjJBCi0tLS0tRU5EIENFUlRJRklDQVRFLS0tLS0K"
              }
            ],
            "cluster_id": null,
            "compute_config": [],
            "created_at": "2025-05-13T00:52:52Z",
            "enabled_cluster_log_types": [],
            "encryption_config": [],
            "endpoint": "https://5D128B4B47D7B0482E897E9AC397A40F.gr7.us-east-1.eks.amazonaws.com",
            "force_update_version": null,
            "id": "weather-api",
            "identity": [
              {
                "oidc": [
                  {
                    "issuer": "https://oidc.eks.us-east-1.amazonaws.com/id/5D128B4B47D7B0482E897E9AC397A40F"
                  }
                ]
              }
            ],
            "kubernetes_network_config": [
              {
                "elastic_load_balancing": [
                  {
                    "enabled": false
                  }
                ],
                "ip_family": "ipv4",
                "service_ipv4_cidr": "172.20.0.0/16",
                "service_ipv6_cidr": ""
              }
            ],
            "name": "weather-api",
            "outpost_config": [],
            "platform_version": "eks.36",
            "remote_network_config": [],
            "role_arn": "arn:aws:iam::816881851211:role/EKSClusterRole",
            "status": "ACTIVE",
            "storage_config": [],
            "tags": {
              "Name": "weather-api"
            },
            "tags_all": {
              "Name": "weather-api"
            },
            "timeouts": null,
            "upgrade_policy": [
              {
                "support_type": "EXTENDED"
              }
            ],
            "version": "1.29",
            "vpc_config": [
              {
                "cluster_security_group_id": "sg-06c7acdd51e2eaaae",
                "endpoint_private_access": false,
                "endpoint_public_access": true,
                "public_access_cidrs": [
                  "0.0.0.0/0"
                ],
                "security_group_ids": [],
                "subnet_ids": [
                  "subnet-064bdb060eb501597",
                  "subnet-06dba5c9a0b5aaf7e"
                ],
                "vpc_id": "vpc-018142ff495c4d638"
              }
            ],
            "zonal_shift_config": []
          },
          "sensitive_attributes": [],
          "private": "eyJlMmJmYjczMC1lY2FhLTExZTYtOGY4OC0zNDM2M2JjN2M0YzAiOnsiY3JlYXRlIjoxODAwMDAwMDAwMDAwLCJkZWxldGUiOjkwMDAwMDAwMDAwMCwidXBkYXRlIjozNjAwMDAwMDAwMDAwfSwic2NoZW1hX3ZlcnNpb24iOiIxIn0=",
          "dependencies": [
            "module.vpc.aws_subnet.public",
            "module.vpc.aws_vpc.this",
            "module.vpc.data.aws_availability_zones.available"
          ]
        }
      ]
    },
    {
      "module": "module.eks",
      "mode": "managed",
      "type": "aws_eks_node_group",
      "name": "this",
      "provider": "provider[\"registry.terraform.io/hashicorp/aws\"]",
      "instances": [
        {
          "status": "tainted",
          "schema_version": 0,
          "attributes": {
            "ami_type": null,
            "arn": null,
            "capacity_type": null,
            "cluster_name": "weather-api",
            "disk_size": null,
            "force_update_version": null,
            "id": "weather-api:terraform-20250513015211111000000001",
            "instance_types": [
              "t3.micro"
            ],
            "labels": null,
            "launch_template": [],
            "node_group_name": null,
            "node_group_name_prefix": null,
            "node_repair_config": null,
            "node_role_arn": "arn:aws:iam::816881851211:role/EKSNodeGroupRole",
            "release_version": null,
            "remote_access": [],
            "resources": null,
            "scaling_config": [
              {
                "desired_size": 1,
                "max_size": 2,
                "min_size": 1
              }
            ],
            "status": null,
            "subnet_ids": [
              "subnet-064bdb060eb501597",
              "subnet-06dba5c9a0b5aaf7e"
            ],
            "tags": {
              "Name": "weather-api-node-group"
            },
            "tags_all": {
              "Name": "weather-api-node-group"
            },
            "taint": [],
            "timeouts": null,
            "update_config": null,
            "version": null
          },
          "sensitive_attributes": [],
          "private": "eyJlMmJmYjczMC1lY2FhLTExZTYtOGY4OC0zNDM2M2JjN2M0YzAiOnsiY3JlYXRlIjozNjAwMDAwMDAwMDAwLCJkZWxldGUiOjM2MDAwMDAwMDAwMDAsInVwZGF0ZSI6MzYwMDAwMDAwMDAwMH19",
          "dependencies": [
            "module.eks.aws_eks_cluster.this",
            "module.vpc.aws_subnet.public",
            "module.vpc.aws_vpc.this",
            "module.vpc.data.aws_availability_zones.available"
          ]
        }
      ]
    },
    {
      "module": "module.vpc",
      "mode": "data",
      "type": "aws_availability_zones",
      "name": "available",
      "provider": "provider[\"registry.terraform.io/hashicorp/aws\"]",
      "instances": [
        {
          "schema_version": 0,
          "attributes": {
            "all_availability_zones": null,
            "exclude_names": null,
            "exclude_zone_ids": null,
            "filter": null,
            "group_names": [
              "us-east-1-zg-1"
            ],
            "id": "us-east-1",
            "names": [
              "us-east-1a",
              "us-east-1b",
              "us-east-1c",
              "us-east-1d",
              "us-east-1e",
              "us-east-1f"
            ],
            "state": null,
            "timeouts": null,
            "zone_ids": [
              "use1-az6",
              "use1-az1",
              "use1-az2",
              "use1-az4",
              "use1-az3",
              "use1-az5"
            ]
          },
          "sensitive_attributes": []
        }
      ]
    },
    {
      "module": "module.vpc",
      "mode": "managed",
      "type": "aws_subnet",
      "name": "public",
      "provider": "provider[\"registry.terraform.io/hashicorp/aws\"]",
      "instances": [
        {
          "index_key": 0,
          "schema_version": 1,
          "attributes": {
            "arn": "arn:aws:ec2:us-east-1:816881851211:subnet/subnet-06dba5c9a0b5aaf7e",
            "assign_ipv6_address_on_creation": false,
            "availability_zone": "us-east-1a",
            "availability_zone_id": "use1-az6",
            "cidr_block": "10.0.0.0/24",
            "customer_owned_ipv4_pool": "",
            "enable_dns64": false,
            "enable_lni_at_device_index": 0,
            "enable_resource_name_dns_a_record_on_launch": false,
            "enable_resource_name_dns_aaaa_record_on_launch": false,
            "id": "subnet-06dba5c9a0b5aaf7e",
            "ipv6_cidr_block": "",
            "ipv6_cidr_block_association_id": "",
            "ipv6_native": false,
            "map_customer_owned_ip_on_launch": false,
            "map_public_ip_on_launch": true,
            "outpost_arn": "",
            "owner_id": "816881851211",
            "private_dns_hostname_type_on_launch": "ip-name",
            "tags": {
              "Name": "weather-api-subnet-0"
            },
            "tags_all": {
              "Name": "weather-api-subnet-0"
            },
            "timeouts": null,
            "vpc_id": "vpc-018142ff495c4d638"
          },
          "sensitive_attributes": [],
          "private": "eyJlMmJmYjczMC1lY2FhLTExZTYtOGY4OC0zNDM2M2JjN2M0YzAiOnsiY3JlYXRlIjo2MDAwMDAwMDAwMDAsImRlbGV0ZSI6MTIwMDAwMDAwMDAwMH0sInNjaGVtYV92ZXJzaW9uIjoiMSJ9",
          "dependencies": [
            "module.vpc.aws_vpc.this",
            "module.vpc.data.aws_availability_zones.available"
          ]
        },
        {
          "index_key": 1,
          "schema_version": 1,
          "attributes": {
            "arn": "arn:aws:ec2:us-east-1:816881851211:subnet/subnet-064bdb060eb501597",
            "assign_ipv6_address_on_creation": false,
            "availability_zone": "us-east-1b",
            "availability_zone_id": "use1-az1",
            "cidr_block": "10.0.1.0/24",
            "customer_owned_ipv4_pool": "",
            "enable_dns64": false,
            "enable_lni_at_device_index": 0,
            "enable_resource_name_dns_a_record_on_launch": false,
            "enable_resource_name_dns_aaaa_record_on_launch": false,
            "id": "subnet-064bdb060eb501597",
            "ipv6_cidr_block": "",
            "ipv6_cidr_block_association_id": "",
            "ipv6_native": false,
            "map_customer_owned_ip_on_launch": false,
            "map_public_ip_on_launch": true,
            "outpost_arn": "",
            "owner_id": "816881851211",
            "private_dns_hostname_type_on_launch": "ip-name",
            "tags": {
              "Name": "weather-api-subnet-1"
            },
            "tags_all": {
              "Name": "weather-api-subnet-1"
            },
            "timeouts": null,
            "vpc_id": "vpc-018142ff495c4d638"
          },
          "sensitive_attributes": [],
          "private": "eyJlMmJmYjczMC1lY2FhLTExZTYtOGY4OC0zNDM2M2JjN2M0YzAiOnsiY3JlYXRlIjo2MDAwMDAwMDAwMDAsImRlbGV0ZSI6MTIwMDAwMDAwMDAwMH0sInNjaGVtYV92ZXJzaW9uIjoiMSJ9",
          "dependencies": [
            "module.vpc.aws_vpc.this",
            "module.vpc.data.aws_availability_zones.available"
          ]
        }
      ]
    },
    {
      "module": "module.vpc",
      "mode": "managed",
      "type": "aws_vpc",
      "name": "this",
      "provider": "provider[\"registry.terraform.io/hashicorp/aws\"]",
      "instances": [
        {
          "schema_version": 1,
          "attributes": {
            "arn": "arn:aws:ec2:us-east-1:816881851211:vpc/vpc-018142ff495c4d638",
            "assign_generated_ipv6_cidr_block": false,
            "cidr_block": "10.0.0.0/16",
            "default_network_acl_id": "acl-05c385eb4e4bdb54a",
            "default_route_table_id": "rtb-05fa68bd260ebb1a6",
            "default_security_group_id": "sg-0e58f80e13c0daa11",
            "dhcp_options_id": "dopt-00c8a146298e8add4",
            "enable_dns_hostnames": true,
            "enable_dns_support": true,
            "enable_network_address_usage_metrics": false,
            "id": "vpc-018142ff495c4d638",
            "instance_tenancy": "default",
            "ipv4_ipam_pool_id": null,
            "ipv4_netmask_length": null,
            "ipv6_association_id": "",
            "ipv6_cidr_block": "",
            "ipv6_cidr_block_network_border_group": "",
            "ipv6_ipam_pool_id": "",
            "ipv6_netmask_length": 0,
            "main_route_table_id": "rtb-05fa68bd260ebb1a6",
            "owner_id": "816881851211",
            "tags": {
              "Name": "weather-api-vpc"
            },
            "tags_all": {
              "Name": "weather-api-vpc"
            }
          },
          "sensitive_attributes": [],
          "private": "eyJzY2hlbWFfdmVyc2lvbiI6IjEifQ=="
        }
      ]
    }
  ],
  "check_results": null
}
